github.com/dmulholl/argo v0.3.0 h1:8kdtG18BRfrdLT/cp41yZkF/XLO/8wNXjnyoHPlYpYE=
github.com/dmulholl/argo v0.3.0/go.mod h1:aOUydVB19iGXHLa1rq0/gazE2HFnf7t4EdAZCbo09nQ=
github.com/dmulholl/argo v2.0.0+incompatible h1:D3xhiVqHpEVGZ5XmZo2d5TiXPjyjfWbU/+RsVbNXfpQ=
github.com/dmulholl/argo v2.0.0+incompatible/go.mod h1:M8EGqZN3WwSwTJvA63LjeHskg2t0HuZ81h6ITWf+lz4=
github.com/dmulholl/mp3lib v1.0.0 h1:PZq24kJBIk5zIxi/t6Qp8/EOAbAqThyrUCpkUKLBeWQ=
github.com/dmulholl/mp3lib v1.0.0/go.mod h1:4RoA+iht/khfwxmH1ieoxZTzYVbb0am/zdvFkyGRr6I=
golang.org/x/crypto v0.13.0 h1:mvySKfSWJ+UKUii46M40LOvyWfN0s2U+46/jDd0e6Ck=
golang.org/x/crypto v0.13.0/go.mod h1:y6Z2r+Rw4iayiXXAIxJIDAJ1zMW4yaTpebo8fPOliYc=
golang.org/x/sys v0.12.0 h1:CM0HF96J0hcLAwsHPJZjfdNzs0gftsLfgKt57wWHJ0o=
golang.org/x/sys v0.12.0/go.mod h1:oPkhp1MJrh7nUepCBck5+mAzfO9JrbApNNgaTdGDITg=
golang.org/x/term v0.12.0 h1:/ZfYdc3zq+q02Rv9vGqTeSItdzZTSNDmfTi0mBAuidU=
golang.org/x/term v0.12.0/go.mod h1:owVbMEjm3cBLCHdkQu9b1opXd4ETQWc3BhuQGKgXgvU=
